
Microsoft Visual Studio Solution File, Format Version 12.00
# Visual Studio Version 17
VisualStudioVersion = 17.8.34330.188
MinimumVisualStudioVersion = 10.0.40219.1
Project("{9A19103F-16F7-4668-BE54-9A1E7A4F7556}") = "AudialAtlasService", "AudialAtlasService\AudialAtlasService.csproj", "{E255CDB7-BCA2-4E1E-88EA-28D7371CC870}"
EndProject
Project("{9A19103F-16F7-4668-BE54-9A1E7A4F7556}") = "AudialAtlasServiceTest", "AudialAtlasServiceTest\AudialAtlasServiceTest.csproj", "{C2126427-20BB-4155-8379-CC7EF84B50E3}"
EndProject
Project("{9A19103F-16F7-4668-BE54-9A1E7A4F7556}") = "AudialAtlasServiceClient", "AudialAtlasServiceClient\AudialAtlasServiceClient.csproj", "{0C0C65A2-FE88-41C3-AF09-0A9877B11B48}"
EndProject
Global
	GlobalSection(SolutionConfigurationPlatforms) = preSolution
		Debug|Any CPU = Debug|Any CPU
		Release|Any CPU = Release|Any CPU
	EndGlobalSection
	GlobalSection(ProjectConfigurationPlatforms) = postSolution
		{E255CDB7-BCA2-4E1E-88EA-28D7371CC870}.Debug|Any CPU.ActiveCfg = Debug|Any CPU
		{E255CDB7-BCA2-4E1E-88EA-28D7371CC870}.Debug|Any CPU.Build.0 = Debug|Any CPU
		{E255CDB7-BCA2-4E1E-88EA-28D7371CC870}.Release|Any CPU.ActiveCfg = Release|Any CPU
		{E255CDB7-BCA2-4E1E-88EA-28D7371CC870}.Release|Any CPU.Build.0 = Release|Any CPU
		{C2126427-20BB-4155-8379-CC7EF84B50E3}.Debug|Any CPU.ActiveCfg = Debug|Any CPU
		{C2126427-20BB-4155-8379-CC7EF84B50E3}.Debug|Any CPU.Build.0 = Debug|Any CPU
		{C2126427-20BB-4155-8379-CC7EF84B50E3}.Release|Any CPU.ActiveCfg = Release|Any CPU
		{C2126427-20BB-4155-8379-CC7EF84B50E3}.Release|Any CPU.Build.0 = Release|Any CPU
		{0C0C65A2-FE88-41C3-AF09-0A9877B11B48}.Debug|Any CPU.ActiveCfg = Debug|Any CPU
		{0C0C65A2-FE88-41C3-AF09-0A9877B11B48}.Debug|Any CPU.Build.0 = Debug|Any CPU
		{0C0C65A2-FE88-41C3-AF09-0A9877B11B48}.Release|Any CPU.ActiveCfg = Release|Any CPU
		{0C0C65A2-FE88-41C3-AF09-0A9877B11B48}.Release|Any CPU.Build.0 = Release|Any CPU
	EndGlobalSection
	GlobalSection(SolutionProperties) = preSolution
		HideSolutionNode = FALSE
	EndGlobalSection
	GlobalSection(ExtensibilityGlobals) = postSolution
		SolutionGuid = {A82BA6A6-436E-428E-9A77-B1698AD517EA}
	EndGlobalSection
EndGlobal
